Microsoft Visual Studio Solution File, Format Version 12.00
# Visual Studio Version 16
VisualStudioVersion = 16.0.30114.105
MinimumVisualStudioVersion = 10.0.40219.1
Project("{FAE04EC0-301F-11D3-BF4B-00C04F79EFBC}") = "Guard-Pattern", "Guard-Pattern\Guard-Pattern.csproj", "{029AB39A-2B6A-4466-948E-692DC03B4151}"
EndProject
Project("{FAE04EC0-301F-11D3-BF4B-00C04F79EFBC}") = "Guard-Pattern.Test", "Guard-Pattern.Test\Guard-Pattern.Test.csproj", "{4184F315-06E8-4F68-9A3B-ACB760689380}"
EndProject
Global
	GlobalSection(SolutionConfigurationPlatforms) = preSolution
		Debug|Any CPU = Debug|Any CPU
		Debug|x64 = Debug|x64
		Debug|x86 = Debug|x86
		Release|Any CPU = Release|Any CPU
		Release|x64 = Release|x64
		Release|x86 = Release|x86
	EndGlobalSection
	GlobalSection(SolutionProperties) = preSolution
		HideSolutionNode = FALSE
	EndGlobalSection
	GlobalSection(ProjectConfigurationPlatforms) = postSolution
		{029AB39A-2B6A-4466-948E-692DC03B4151}.Debug|Any CPU.ActiveCfg = Debug|Any CPU
		{029AB39A-2B6A-4466-948E-692DC03B4151}.Debug|Any CPU.Build.0 = Debug|Any CPU
		{029AB39A-2B6A-4466-948E-692DC03B4151}.Debug|x64.ActiveCfg = Debug|Any CPU
		{029AB39A-2B6A-4466-948E-692DC03B4151}.Debug|x64.Build.0 = Debug|Any CPU
		{029AB39A-2B6A-4466-948E-692DC03B4151}.Debug|x86.ActiveCfg = Debug|Any CPU
		{029AB39A-2B6A-4466-948E-692DC03B4151}.Debug|x86.Build.0 = Debug|Any CPU
		{029AB39A-2B6A-4466-948E-692DC03B4151}.Release|Any CPU.ActiveCfg = Release|Any CPU
		{029AB39A-2B6A-4466-948E-692DC03B4151}.Release|Any CPU.Build.0 = Release|Any CPU
		{029AB39A-2B6A-4466-948E-692DC03B4151}.Release|x64.ActiveCfg = Release|Any CPU
		{029AB39A-2B6A-4466-948E-692DC03B4151}.Release|x64.Build.0 = Release|Any CPU
		{029AB39A-2B6A-4466-948E-692DC03B4151}.Release|x86.ActiveCfg = Release|Any CPU
		{029AB39A-2B6A-4466-948E-692DC03B4151}.Release|x86.Build.0 = Release|Any CPU
		{4184F315-06E8-4F68-9A3B-ACB760689380}.Debug|Any CPU.ActiveCfg = Debug|Any CPU
		{4184F315-06E8-4F68-9A3B-ACB760689380}.Debug|Any CPU.Build.0 = Debug|Any CPU
		{4184F315-06E8-4F68-9A3B-ACB760689380}.Debug|x64.ActiveCfg = Debug|Any CPU
		{4184F315-06E8-4F68-9A3B-ACB760689380}.Debug|x64.Build.0 = Debug|Any CPU
		{4184F315-06E8-4F68-9A3B-ACB760689380}.Debug|x86.ActiveCfg = Debug|Any CPU
		{4184F315-06E8-4F68-9A3B-ACB760689380}.Debug|x86.Build.0 = Debug|Any CPU
		{4184F315-06E8-4F68-9A3B-ACB760689380}.Release|Any CPU.ActiveCfg = Release|Any CPU
		{4184F315-06E8-4F68-9A3B-ACB760689380}.Release|Any CPU.Build.0 = Release|Any CPU
		{4184F315-06E8-4F68-9A3B-ACB760689380}.Release|x64.ActiveCfg = Release|Any CPU
		{4184F315-06E8-4F68-9A3B-ACB760689380}.Release|x64.Build.0 = Release|Any CPU
		{4184F315-06E8-4F68-9A3B-ACB760689380}.Release|x86.ActiveCfg = Release|Any CPU
		{4184F315-06E8-4F68-9A3B-ACB760689380}.Release|x86.Build.0 = Release|Any CPU
	EndGlobalSection
EndGlobal
